
Microsoft Visual Studio Solution File, Format Version 12.00
# Visual Studio Version 17
VisualStudioVersion = 17.2.32516.85
MinimumVisualStudioVersion = 10.0.40219.1
Project("{9A19103F-16F7-4668-BE54-9A1E7A4F7556}") = "LINQpractice", "LINQgyak\LINQpractice.csproj", "{3B6BD5B0-F17D-48DE-8C4B-6094D84EC9A4}"
EndProject
Global
	GlobalSection(SolutionConfigurationPlatforms) = preSolution
		Debug|Any CPU = Debug|Any CPU
		Release|Any CPU = Release|Any CPU
	EndGlobalSection
	GlobalSection(ProjectConfigurationPlatforms) = postSolution
		{3B6BD5B0-F17D-48DE-8C4B-6094D84EC9A4}.Debug|Any CPU.ActiveCfg = Debug|Any CPU
		{3B6BD5B0-F17D-48DE-8C4B-6094D84EC9A4}.Debug|Any CPU.Build.0 = Debug|Any CPU
		{3B6BD5B0-F17D-48DE-8C4B-6094D84EC9A4}.Release|Any CPU.ActiveCfg = Release|Any CPU
		{3B6BD5B0-F17D-48DE-8C4B-6094D84EC9A4}.Release|Any CPU.Build.0 = Release|Any CPU
	EndGlobalSection
	GlobalSection(SolutionProperties) = preSolution
		HideSolutionNode = FALSE
	EndGlobalSection
	GlobalSection(ExtensibilityGlobals) = postSolution
		SolutionGuid = {03D8663D-1C85-4736-8386-72A532F7C239}
	EndGlobalSection
EndGlobal
